// !$*UTF8*$!
{
	archiveVersion = 1;
	classes = {
	};
	objectVersion = 55;
	objects = {

/* Begin PBXBuildFile section */
		FD6B750F28BE7050007851D4 /* AppDelegate.swift in Sources */ = {isa = PBXBuildFile; fileRef = FD6B750E28BE7050007851D4 /* AppDelegate.swift */; };
		FD6B751128BE7050007851D4 /* SceneDelegate.swift in Sources */ = {isa = PBXBuildFile; fileRef = FD6B751028BE7050007851D4 /* SceneDelegate.swift */; };
		FD6B751628BE7050007851D4 /* Main.storyboard in Resources */ = {isa = PBXBuildFile; fileRef = FD6B751428BE7050007851D4 /* Main.storyboard */; };
		FD6B751828BE7051007851D4 /* Assets.xcassets in Resources */ = {isa = PBXBuildFile; fileRef = FD6B751728BE7051007851D4 /* Assets.xcassets */; };
		FD6B751B28BE7051007851D4 /* LaunchScreen.storyboard in Resources */ = {isa = PBXBuildFile; fileRef = FD6B751928BE7051007851D4 /* LaunchScreen.storyboard */; };
		FD6B752328BE7194007851D4 /* ContactListViewController.swift in Sources */ = {isa = PBXBuildFile; fileRef = FD6B752228BE7194007851D4 /* ContactListViewController.swift */; };
		FD6B752528BE7602007851D4 /* Persons.swift in Sources */ = {isa = PBXBuildFile; fileRef = FD6B752428BE7602007851D4 /* Persons.swift */; };
		FD6B752728BF1B04007851D4 /* DataManager.swift in Sources */ = {isa = PBXBuildFile; fileRef = FD6B752628BF1B04007851D4 /* DataManager.swift */; };
		FD6B752B28BF2109007851D4 /* DetailContactViewController.swift in Sources */ = {isa = PBXBuildFile; fileRef = FD6B752A28BF2109007851D4 /* DetailContactViewController.swift */; };
/* End PBXBuildFile section */

/* Begin PBXFileReference section */
		FD6B750B28BE7050007851D4 /* ContactList.app */ = {isa = PBXFileReference; explicitFileType = wrapper.application; includeInIndex = 0; path = ContactList.app; sourceTree = BUILT_PRODUCTS_DIR; };
		FD6B750E28BE7050007851D4 /* AppDelegate.swift */ = {isa = PBXFileReference; lastKnownFileType = sourcecode.swift; path = AppDelegate.swift; sourceTree = "<group>"; };
		FD6B751028BE7050007851D4 /* SceneDelegate.swift */ = {isa = PBXFileReference; lastKnownFileType = sourcecode.swift; path = SceneDelegate.swift; sourceTree = "<group>"; };
		FD6B751528BE7050007851D4 /* Base */ = {isa = PBXFileReference; lastKnownFileType = file.storyboard; name = Base; path = Base.lproj/Main.storyboard; sourceTree = "<group>"; };
		FD6B751728BE7051007851D4 /* Assets.xcassets */ = {isa = PBXFileReference; lastKnownFileType = folder.assetcatalog; path = Assets.xcassets; sourceTree = "<group>"; };
		FD6B751A28BE7051007851D4 /* Base */ = {isa = PBXFileReference; lastKnownFileType = file.storyboard; name = Base; path = Base.lproj/LaunchScreen.storyboard; sourceTree = "<group>"; };
		FD6B751C28BE7051007851D4 /* Info.plist */ = {isa = PBXFileReference; lastKnownFileType = text.plist.xml; path = Info.plist; sourceTree = "<group>"; };
		FD6B752228BE7194007851D4 /* ContactListViewController.swift */ = {isa = PBXFileReference; lastKnownFileType = sourcecode.swift; path = ContactListViewController.swift; sourceTree = "<group>"; };
		FD6B752428BE7602007851D4 /* Persons.swift */ = {isa = PBXFileReference; lastKnownFileType = sourcecode.swift; path = Persons.swift; sourceTree = "<group>"; };
		FD6B752628BF1B04007851D4 /* DataManager.swift */ = {isa = PBXFileReference; lastKnownFileType = sourcecode.swift; path = DataManager.swift; sourceTree = "<group>"; };
		FD6B752A28BF2109007851D4 /* DetailContactViewController.swift */ = {isa = PBXFileReference; lastKnownFileType = sourcecode.swift; path = DetailContactViewController.swift; sourceTree = "<group>"; };
/* End PBXFileReference section */

/* Begin PBXFrameworksBuildPhase section */
		FD6B750828BE7050007851D4 /* Frameworks */ = {
			isa = PBXFrameworksBuildPhase;
			buildActionMask = 2147483647;
			files = (
			);
			runOnlyForDeploymentPostprocessing = 0;
		};
/* End PBXFrameworksBuildPhase section */

/* Begin PBXGroup section */
		FD6B750228BE7050007851D4 = {
			isa = PBXGroup;
			children = (
				FD6B750D28BE7050007851D4 /* ContactList */,
				FD6B750C28BE7050007851D4 /* Products */,
			);
			sourceTree = "<group>";
		};
		FD6B750C28BE7050007851D4 /* Products */ = {
			isa = PBXGroup;
			children = (
				FD6B750B28BE7050007851D4 /* ContactList.app */,
			);
			name = Products;
			sourceTree = "<group>";
		};
		FD6B750D28BE7050007851D4 /* ContactList */ = {
			isa = PBXGroup;
			children = (
				FD6B752228BE7194007851D4 /* ContactListViewController.swift */,
				FD6B752A28BF2109007851D4 /* DetailContactViewController.swift */,
				FD6B752428BE7602007851D4 /* Persons.swift */,
				FD6B752628BF1B04007851D4 /* DataManager.swift */,
				FD6B750E28BE7050007851D4 /* AppDelegate.swift */,
				FD6B751028BE7050007851D4 /* SceneDelegate.swift */,
				FD6B751428BE7050007851D4 /* Main.storyboard */,
				FD6B751728BE7051007851D4 /* Assets.xcassets */,
				FD6B751928BE7051007851D4 /* LaunchScreen.storyboard */,
				FD6B751C28BE7051007851D4 /* Info.plist */,
			);
			path = ContactList;
			sourceTree = "<group>";
		};
/* End PBXGroup section */

/* Begin PBXNativeTarget section */
		FD6B750A28BE7050007851D4 /* ContactList */ = {
			isa = PBXNativeTarget;
			buildConfigurationList = FD6B751F28BE7051007851D4 /* Build configuration list for PBXNativeTarget "ContactList" */;
			buildPhases = (
				FD6B750728BE7050007851D4 /* Sources */,
				FD6B750828BE7050007851D4 /* Frameworks */,
				FD6B750928BE7050007851D4 /* Resources */,
			);
			buildRules = (
			);
			dependencies = (
			);
			name = ContactList;
			productName = ContactList;
			productReference = FD6B750B28BE7050007851D4 /* ContactList.app */;
			productType = "com.apple.product-type.application";
		};
/* End PBXNativeTarget section */

/* Begin PBXProject section */
		FD6B750328BE7050007851D4 /* Project object */ = {
			isa = PBXProject;
			attributes = {
				BuildIndependentTargetsInParallel = 1;
				LastSwiftUpdateCheck = 1340;
				LastUpgradeCheck = 1340;
				TargetAttributes = {
					FD6B750A28BE7050007851D4 = {
						CreatedOnToolsVersion = 13.4.1;
					};
				};
			};
			buildConfigurationList = FD6B750628BE7050007851D4 /* Build configuration list for PBXProject "ContactList" */;
			compatibilityVersion = "Xcode 13.0";
			developmentRegion = en;
			hasScannedForEncodings = 0;
			knownRegions = (
				en,
				Base,
			);
			mainGroup = FD6B750228BE7050007851D4;
			productRefGroup = FD6B750C28BE7050007851D4 /* Products */;
			projectDirPath = "";
			projectRoot = "";
			targets = (
				FD6B750A28BE7050007851D4 /* ContactList */,
			);
		};
/* End PBXProject section */

/* Begin PBXResourcesBuildPhase section */
		FD6B750928BE7050007851D4 /* Resources */ = {
			isa = PBXResourcesBuildPhase;
			buildActionMask = 2147483647;
			files = (
				FD6B751B28BE7051007851D4 /* LaunchScreen.storyboard in Resources */,
				FD6B751828BE7051007851D4 /* Assets.xcassets in Resources */,
				FD6B751628BE7050007851D4 /* Main.storyboard in Resources */,
			);
			runOnlyForDeploymentPostprocessing = 0;
		};
/* End PBXResourcesBuildPhase section */

/* Begin PBXSourcesBuildPhase section */
		FD6B750728BE7050007851D4 /* Sources */ = {
			isa = PBXSourcesBuildPhase;
			buildActionMask = 2147483647;
			files = (
				FD6B750F28BE7050007851D4 /* AppDelegate.swift in Sources */,
				FD6B752728BF1B04007851D4 /* DataManager.swift in Sources */,
				FD6B751128BE7050007851D4 /* SceneDelegate.swift in Sources */,
				FD6B752528BE7602007851D4 /* Persons.swift in Sources */,
				FD6B752B28BF2109007851D4 /* DetailContactViewController.swift in Sources */,
				FD6B752328BE7194007851D4 /* ContactListViewController.swift in Sources */,
			);
			runOnlyForDeploymentPostprocessing = 0;
		};
/* End PBXSourcesBuildPhase section */

/* Begin PBXVariantGroup section */
		FD6B751428BE7050007851D4 /* Main.storyboard */ = {
			isa = PBXVariantGroup;
			children = (
				FD6B751528BE7050007851D4 /* Base */,
			);
			name = Main.storyboard;
			sourceTree = "<group>";
		};
		FD6B751928BE7051007851D4 /* LaunchScreen.storyboard */ = {
			isa = PBXVariantGroup;
			children = (
				FD6B751A28BE7051007851D4 /* Base */,
			);
			name = LaunchScreen.storyboard;
			sourceTree = "<group>";
		};
/* End PBXVariantGroup section */

/* Begin XCBuildConfiguration section */
		FD6B751D28BE7051007851D4 /* Debug */ = {
			isa = XCBuildConfiguration;
			buildSettings = {
				ALWAYS_SEARCH_USER_PATHS = NO;
				CLANG_ANALYZER_NONNULL = YES;
				CLANG_ANALYZER_NUMBER_OBJECT_CONVERSION = YES_AGGRESSIVE;
				CLANG_CXX_LANGUAGE_STANDARD = "gnu++17";
				CLANG_ENABLE_MODULES = YES;
				CLANG_ENABLE_OBJC_ARC = YES;
				CLANG_ENABLE_OBJC_WEAK = YES;
				CLANG_WARN_BLOCK_CAPTURE_AUTORELEASING = YES;
				CLANG_WARN_BOOL_CONVERSION = YES;
				CLANG_WARN_COMMA = YES;
				CLANG_WARN_CONSTANT_CONVERSION = YES;
				CLANG_WARN_DEPRECATED_OBJC_IMPLEMENTATIONS = YES;
				CLANG_WARN_DIRECT_OBJC_ISA_USAGE = YES_ERROR;
				CLANG_WARN_DOCUMENTATION_COMMENTS = YES;
				CLANG_WARN_EMPTY_BODY = YES;
				CLANG_WARN_ENUM_CONVERSION = YES;
				CLANG_WARN_INFINITE_RECURSION = YES;
				CLANG_WARN_INT_CONVERSION = YES;
				CLANG_WARN_NON_LITERAL_NULL_CONVERSION = YES;
				CLANG_WARN_OBJC_IMPLICIT_RETAIN_SELF = YES;
				CLANG_WARN_OBJC_LITERAL_CONVERSION = YES;
				CLANG_WARN_OBJC_ROOT_CLASS = YES_ERROR;
				CLANG_WARN_QUOTED_INCLUDE_IN_FRAMEWORK_HEADER = YES;
				CLANG_WARN_RANGE_LOOP_ANALYSIS = YES;
				CLANG_WARN_STRICT_PROTOTYPES = YES;
				CLANG_WARN_SUSPICIOUS_MOVE = YES;
				CLANG_WARN_UNGUARDED_AVAILABILITY = YES_AGGRESSIVE;
				CLANG_WARN_UNREACHABLE_CODE = YES;
				CLANG_WARN__DUPLICATE_METHOD_MATCH = YES;
				COPY_PHASE_STRIP = NO;
				DEBUG_INFORMATION_FORMAT = dwarf;
				ENABLE_STRICT_OBJC_MSGSEND = YES;
				ENABLE_TESTABILITY = YES;
				GCC_C_LANGUAGE_STANDARD = gnu11;
				GCC_DYNAMIC_NO_PIC = NO;
				GCC_NO_COMMON_BLOCKS = YES;
				GCC_OPTIMIZATION_LEVEL = 0;
				GCC_PREPROCESSOR_DEFINITIONS = (
					"DEBUG=1",
					"$(inherited)",
				);
				GCC_WARN_64_TO_32_BIT_CONVERSION = YES;
				GCC_WARN_ABOUT_RETURN_TYPE = YES_ERROR;
				GCC_WARN_UNDECLARED_SELECTOR = YES;
				GCC_WARN_UNINITIALIZED_AUTOS = YES_AGGRESSIVE;
				GCC_WARN_UNUSED_FUNCTION = YES;
				GCC_WARN_UNUSED_VARIABLE = YES;
				IPHONEOS_DEPLOYMENT_TARGET = 15.5;
				MTL_ENABLE_DEBUG_INFO = INCLUDE_SOURCE;
				MTL_FAST_MATH = YES;
				ONLY_ACTIVE_ARCH = YES;
				SDKROOT = iphoneos;
				SWIFT_ACTIVE_COMPILATION_CONDITIONS = DEBUG;
				SWIFT_OPTIMIZATION_LEVEL = "-Onone";
			};
			name = Debug;
		};
		FD6B751E28BE7051007851D4 /* Release */ = {
			isa = XCBuildConfiguration;
			buildSettings = {
				ALWAYS_SEARCH_USER_PATHS = NO;
				CLANG_ANALYZER_NONNULL = YES;
				CLANG_ANALYZER_NUMBER_OBJECT_CONVERSION = YES_AGGRESSIVE;
				CLANG_CXX_LANGUAGE_STANDARD = "gnu++17";
				CLANG_ENABLE_MODULES = YES;
				CLANG_ENABLE_OBJC_ARC = YES;
				CLANG_ENABLE_OBJC_WEAK = YES;
				CLANG_WARN_BLOCK_CAPTURE_AUTORELEASING = YES;
				CLANG_WARN_BOOL_CONVERSION = YES;
				CLANG_WARN_COMMA = YES;
				CLANG_WARN_CONSTANT_CONVERSION = YES;
				CLANG_WARN_DEPRECATED_OBJC_IMPLEMENTATIONS = YES;
				CLANG_WARN_DIRECT_OBJC_ISA_USAGE = YES_ERROR;
				CLANG_WARN_DOCUMENTATION_COMMENTS = YES;
				CLANG_WARN_EMPTY_BODY = YES;
				CLANG_WARN_ENUM_CONVERSION = YES;
				CLANG_WARN_INFINITE_RECURSION = YES;
				CLANG_WARN_INT_CONVERSION = YES;
				CLANG_WARN_NON_LITERAL_NULL_CONVERSION = YES;
				CLANG_WARN_OBJC_IMPLICIT_RETAIN_SELF = YES;
				CLANG_WARN_OBJC_LITERAL_CONVERSION = YES;
				CLANG_WARN_OBJC_ROOT_CLASS = YES_ERROR;
				CLANG_WARN_QUOTED_INCLUDE_IN_FRAMEWORK_HEADER = YES;
				CLANG_WARN_RANGE_LOOP_ANALYSIS = YES;
				CLANG_WARN_STRICT_PROTOTYPES = YES;
				CLANG_WARN_SUSPICIOUS_MOVE = YES;
				CLANG_WARN_UNGUARDED_AVAILABILITY = YES_AGGRESSIVE;
				CLANG_WARN_UNREACHABLE_CODE = YES;
				CLANG_WARN__DUPLICATE_METHOD_MATCH = YES;
				COPY_PHASE_STRIP = NO;
				DEBUG_INFORMATION_FORMAT = "dwarf-with-dsym";
				ENABLE_NS_ASSERTIONS = NO;
				ENABLE_STRICT_OBJC_MSGSEND = YES;
				GCC_C_LANGUAGE_STANDARD = gnu11;
				GCC_NO_COMMON_BLOCKS = YES;
				GCC_WARN_64_TO_32_BIT_CONVERSION = YES;
				GCC_WARN_ABOUT_RETURN_TYPE = YES_ERROR;
				GCC_WARN_UNDECLARED_SELECTOR = YES;
				GCC_WARN_UNINITIALIZED_AUTOS = YES_AGGRESSIVE;
				GCC_WARN_UNUSED_FUNCTION = YES;
				GCC_WARN_UNUSED_VARIABLE = YES;
				IPHONEOS_DEPLOYMENT_TARGET = 15.5;
				MTL_ENABLE_DEBUG_INFO = NO;
				MTL_FAST_MATH = YES;
				SDKROOT = iphoneos;
				SWIFT_COMPILATION_MODE = wholemodule;
				SWIFT_OPTIMIZATION_LEVEL = "-O";
				VALIDATE_PRODUCT = YES;
			};
			name = Release;
		};
		FD6B752028BE7051007851D4 /* Debug */ = {
			isa = XCBuildConfiguration;
			buildSettings = {
				ASSETCATALOG_COMPILER_APPICON_NAME = AppIcon;
				ASSETCATALOG_COMPILER_GLOBAL_ACCENT_COLOR_NAME = AccentColor;
				CODE_SIGN_STYLE = Automatic;
				CURRENT_PROJECT_VERSION = 1;
				DEVELOPMENT_TEAM = M85GRCBPTY;
				GENERATE_INFOPLIST_FILE = YES;
				INFOPLIST_FILE = ContactList/Info.plist;
				INFOPLIST_KEY_UIApplicationSupportsIndirectInputEvents = YES;
				INFOPLIST_KEY_UILaunchStoryboardName = LaunchScreen;
				INFOPLIST_KEY_UIMainStoryboardFile = Main;
				INFOPLIST_KEY_UISupportedInterfaceOrientations = UIInterfaceOrientationPortrait;
				INFOPLIST_KEY_UISupportedInterfaceOrientations_iPad = UIInterfaceOrientationPortrait;
				INFOPLIST_KEY_UISupportedInterfaceOrientations_iPhone = UIInterfaceOrientationPortrait;
				LD_RUNPATH_SEARCH_PATHS = (
					"$(inherited)",
					"@executable_path/Frameworks",
				);
				MARKETING_VERSION = 1.0;
				PRODUCT_BUNDLE_IDENTIFIER = Ilay.ContactList;
				PRODUCT_NAME = "$(TARGET_NAME)";
				SWIFT_EMIT_LOC_STRINGS = YES;
				SWIFT_VERSION = 5.0;
				TARGETED_DEVICE_FAMILY = 1;
			};
			name = Debug;
		};
		FD6B752128BE7051007851D4 /* Release */ = {
			isa = XCBuildConfiguration;
			buildSettings = {
				ASSETCATALOG_COMPILER_APPICON_NAME = AppIcon;
				ASSETCATALOG_COMPILER_GLOBAL_ACCENT_COLOR_NAME = AccentColor;
				CODE_SIGN_STYLE = Automatic;
				CURRENT_PROJECT_VERSION = 1;
				DEVELOPMENT_TEAM = M85GRCBPTY;
				GENERATE_INFOPLIST_FILE = YES;
				INFOPLIST_FILE = ContactList/Info.plist;
				INFOPLIST_KEY_UIApplicationSupportsIndirectInputEvents = YES;
				INFOPLIST_KEY_UILaunchStoryboardName = LaunchScreen;
				INFOPLIST_KEY_UIMainStoryboardFile = Main;
				INFOPLIST_KEY_UISupportedInterfaceOrientations = UIInterfaceOrientationPortrait;
				INFOPLIST_KEY_UISupportedInterfaceOrientations_iPad = UIInterfaceOrientationPortrait;
				INFOPLIST_KEY_UISupportedInterfaceOrientations_iPhone = UIInterfaceOrientationPortrait;
				LD_RUNPATH_SEARCH_PATHS = (
					"$(inherited)",
					"@executable_path/Frameworks",
				);
				MARKETING_VERSION = 1.0;
				PRODUCT_BUNDLE_IDENTIFIER = Ilay.ContactList;
				PRODUCT_NAME = "$(TARGET_NAME)";
				SWIFT_EMIT_LOC_STRINGS = YES;
				SWIFT_VERSION = 5.0;
				TARGETED_DEVICE_FAMILY = 1;
			};
			name = Release;
		};
/* End XCBuildConfiguration section */

/* Begin XCConfigurationList section */
		FD6B750628BE7050007851D4 /* Build configuration list for PBXProject "ContactList" */ = {
			isa = XCConfigurationList;
			buildConfigurations = (
				FD6B751D28BE7051007851D4 /* Debug */,
				FD6B751E28BE7051007851D4 /* Release */,
			);
			defaultConfigurationIsVisible = 0;
			defaultConfigurationName = Release;
		};
		FD6B751F28BE7051007851D4 /* Build configuration list for PBXNativeTarget "ContactList" */ = {
			isa = XCConfigurationList;
			buildConfigurations = (
				FD6B752028BE7051007851D4 /* Debug */,
				FD6B752128BE7051007851D4 /* Release */,
			);
			defaultConfigurationIsVisible = 0;
			defaultConfigurationName = Release;
		};
/* End XCConfigurationList section */
	};
	rootObject = FD6B750328BE7050007851D4 /* Project object */;
}
